# THIS IS AN AUTOGENERATED FILE. DO NOT EDIT THIS FILE DIRECTLY.
# yarn lockfile v1


primo-explore-clickable-logo-to-any-link@^1.0.0:
  version "1.0.0"
  resolved "https://registry.yarnpkg.com/primo-explore-clickable-logo-to-any-link/-/primo-explore-clickable-logo-to-any-link-1.0.0.tgz#6d394f0c4e98c4a2c1d4d10d12c9ffef5df40592"

primo-explore-custom-actions@^2.0.0:
  version "2.0.0"
  resolved "https://registry.yarnpkg.com/primo-explore-custom-actions/-/primo-explore-custom-actions-2.0.0.tgz#a173e02d2a4dcbdfdb13c4b5d402853d823e1711"

primo-explore-custom-search-bookmark-filter@^1.0.2:
  version "1.0.2"
  resolved "https://registry.yarnpkg.com/primo-explore-custom-search-bookmark-filter/-/primo-explore-custom-search-bookmark-filter-1.0.2.tgz#0601a5aee83316e97e63d6039b3f1417704df08b"
