# THIS IS AN AUTOGENERATED FILE. DO NOT EDIT THIS FILE DIRECTLY.
# yarn lockfile v1


primo-explore-custom-actions@^3.0.0:
  version "3.0.0"
  resolved "https://registry.yarnpkg.com/primo-explore-custom-actions/-/primo-explore-custom-actions-3.0.0.tgz#414b56c583e248b472719a9f1645fb648d85ae27"

primo-explore-nyu-eshelf@^3.1.5:
  version "3.1.5"
  resolved "https://registry.yarnpkg.com/primo-explore-nyu-eshelf/-/primo-explore-nyu-eshelf-3.1.5.tgz#d0139a0dcb86f213030dec98483110d920fc91ad"

primo-explore-search-bar-sub-menu@^1.0.6:
  version "1.0.6"
  resolved "https://registry.yarnpkg.com/primo-explore-search-bar-sub-menu/-/primo-explore-search-bar-sub-menu-1.0.6.tgz#81d42155e87e08544d925eafa64dc8e4631f2987"
