# THIS IS AN AUTOGENERATED FILE. DO NOT EDIT THIS FILE DIRECTLY.
# yarn lockfile v1


primo-explore-custom-no-search-results@^1.0.0:
  version "1.0.2"
  resolved "https://registry.yarnpkg.com/primo-explore-custom-no-search-results/-/primo-explore-custom-no-search-results-1.0.2.tgz#2e71b950f4164f293c0e2126b782ad67d48eeb53"
