# THIS IS AN AUTOGENERATED FILE. DO NOT EDIT THIS FILE DIRECTLY.
# yarn lockfile v1


"@orbis-cascade/primo-explore-custom-actions@^3.1.1":
  version "3.1.1"
  resolved "https://registry.yarnpkg.com/@orbis-cascade/primo-explore-custom-actions/-/primo-explore-custom-actions-3.1.1.tgz#7e3cb38ee1534d4da84c9658f1efeb62d5578f3d"

primo-explore-clickable-logo-to-any-link@^1.1.1:
  version "1.1.1"
  resolved "https://registry.yarnpkg.com/primo-explore-clickable-logo-to-any-link/-/primo-explore-clickable-logo-to-any-link-1.1.1.tgz#1e982c5e9b16f6eb99c050f9ccf36a87e2acaaa8"

primo-explore-custom-library-card-menu@^1.1.6:
  version "1.1.6"
  resolved "https://registry.yarnpkg.com/primo-explore-custom-library-card-menu/-/primo-explore-custom-library-card-menu-1.1.6.tgz#d8dbda15baa38eaef13339167cc1e9a5d61c8e99"

primo-explore-custom-no-search-results@^1.0.4:
  version "1.0.4"
  resolved "https://registry.yarnpkg.com/primo-explore-custom-no-search-results/-/primo-explore-custom-no-search-results-1.0.4.tgz#358d17e9cc242ca9949bdfb7e14fe3920e83f493"

primo-explore-getit-to-link-resolver@^2.0.5:
  version "2.0.5"
  resolved "https://registry.yarnpkg.com/primo-explore-getit-to-link-resolver/-/primo-explore-getit-to-link-resolver-2.0.5.tgz#ca13837815558839cc72e18dd481b12a9b40c15e"

primo-explore-nyu-eshelf@^3.1.7:
  version "3.1.7"
  resolved "https://registry.yarnpkg.com/primo-explore-nyu-eshelf/-/primo-explore-nyu-eshelf-3.1.7.tgz#b69c0c5044d0d48e662843a05501975221f61334"
  integrity sha512-hcZoS/DNc9OI7PxHY+RmBF8jDGsIOCwVaLaSa6FAJbqI48t+vaxs9Dz4wSKXvf68S7Xy4L68MInCqzuUj2+3eg==

primo-explore-search-bar-sub-menu@^1.0.7:
  version "1.0.7"
  resolved "https://registry.yarnpkg.com/primo-explore-search-bar-sub-menu/-/primo-explore-search-bar-sub-menu-1.0.7.tgz#bfabdba488f7116bcf06c2433cf38b2f86bb4434"
